# @generated - this file is auto-generated by `mise lock` https://mise.jdx.dev/dev-tools/mise-lock.html

[[tools.node]]
version = "25.9.0"
backend = "core:node"

[tools.node."platforms.linux-arm64"]
checksum = "sha256:8fb4283301b8c720fc9f18bffff0f659e72cc14d0cf207a3bb411808aaa73a57"
url = "https://nodejs.org/dist/v25.9.0/node-v25.9.0-linux-arm64.tar.gz"

[tools.node."platforms.linux-arm64-musl"]
checksum = "sha256:97f6fe125faa51f84a7bb600d0cd7aefcfaaa0e75a5f49a7c61c3df91d12d535"
url = "https://unofficial-builds.nodejs.org/download/release/v25.9.0/node-v25.9.0-linux-arm64-musl.tar.gz"

[tools.node."platforms.linux-x64"]
checksum = "sha256:134e55b2408448a219760fe04dc44d6851f9de8a79549021ffd870e9082d9e7b"
url = "https://nodejs.org/dist/v25.9.0/node-v25.9.0-linux-x64.tar.gz"

[tools.node."platforms.linux-x64-musl"]
checksum = "sha256:1ac44af012be6bc17f1e3723edbf12897c0baeae5d1dc75b9f97d71413e4c8f5"
url = "https://unofficial-builds.nodejs.org/download/release/v25.9.0/node-v25.9.0-linux-x64-musl.tar.gz"

[tools.node."platforms.macos-arm64"]
checksum = "sha256:e479f3c469d3d9303a44f00a8ea37a3788395d171bb8059c48a4bbbd2e371b59"
url = "https://nodejs.org/dist/v25.9.0/node-v25.9.0-darwin-arm64.tar.gz"

[tools.node."platforms.macos-x64"]
checksum = "sha256:7d737b53ce191142bfa1c17cfa5b070d96e84eebf76b8dd06d84981cbdc3f7e3"
url = "https://nodejs.org/dist/v25.9.0/node-v25.9.0-darwin-x64.tar.gz"

[tools.node."platforms.windows-x64"]
checksum = "sha256:929552b8305effac843ba7b4270c437aefb702fc3fbd73fcd1bffd35d4ac284e"
url = "https://nodejs.org/dist/v25.9.0/node-v25.9.0-win-x64.zip"

[[tools.nono]]
version = "0.79.0"
backend = "github:nolabs-ai/nono"

[tools.nono."platforms.linux-arm64"]
checksum = "sha256:c4a4f4b9ae318574d30d352127a34dcc919c4d6682ee8fbd30bb8d2bd2e0e85d"
url = "https://github.com/nolabs-ai/nono/releases/download/v0.79.0/nono-v0.79.0-aarch64-unknown-linux-gnu.tar.gz"
url_api = "https://api.github.com/repos/nolabs-ai/nono/releases/assets/601172918"
provenance = "github-attestations"

[tools.nono."platforms.linux-arm64-musl"]
checksum = "sha256:c4a4f4b9ae318574d30d352127a34dcc919c4d6682ee8fbd30bb8d2bd2e0e85d"
url = "https://github.com/nolabs-ai/nono/releases/download/v0.79.0/nono-v0.79.0-aarch64-unknown-linux-gnu.tar.gz"
url_api = "https://api.github.com/repos/nolabs-ai/nono/releases/assets/601172918"
provenance = "github-attestations"

[tools.nono."platforms.linux-x64"]
checksum = "sha256:36dfeeb6e8c6a30c43f80ba239e2460af43047c008153af527fdd893c1f02392"
url = "https://github.com/nolabs-ai/nono/releases/download/v0.79.0/nono-v0.79.0-x86_64-unknown-linux-gnu.tar.gz"
url_api = "https://api.github.com/repos/nolabs-ai/nono/releases/assets/601172914"
provenance = "github-attestations"

[tools.nono."platforms.linux-x64-musl"]
checksum = "sha256:6102a4490daa69525606c7790f18aede1334e6a399ffd10bb196d42191b8d20f"
url = "https://github.com/nolabs-ai/nono/releases/download/v0.79.0/nono-v0.79.0-x86_64-unknown-linux-musl.tar.gz"
url_api = "https://api.github.com/repos/nolabs-ai/nono/releases/assets/601172915"
provenance = "github-attestations"

[tools.nono."platforms.macos-arm64"]
checksum = "sha256:e46365b08aecff0acc9c7b86f5d4b1745c385034189d50822156e43881479168"
url = "https://github.com/nolabs-ai/nono/releases/download/v0.79.0/nono-v0.79.0-aarch64-apple-darwin.tar.gz"
url_api = "https://api.github.com/repos/nolabs-ai/nono/releases/assets/601172911"
provenance = "github-attestations"

[tools.nono."platforms.macos-x64"]
checksum = "sha256:276f7f6af212596554a9247a48903256d919cf43c97771def1300ac336002912"
url = "https://github.com/nolabs-ai/nono/releases/download/v0.79.0/nono-v0.79.0-x86_64-apple-darwin.tar.gz"
url_api = "https://api.github.com/repos/nolabs-ai/nono/releases/assets/601172913"
provenance = "github-attestations"

[[tools.pnpm]]
version = "12.9.1"
backend = "aqua:pnpm/pnpm"

[tools.pnpm."platforms.linux-arm64"]
checksum = "sha256:468294b77633d29889c6e4a79cefb1277eba30cd62e7d6a754218cb85a1d730d"
url = "https://github.com/pnpm/pnpm/releases/download/v12.9.1/pnpm-linux-arm64.tar.gz"
url_api = "https://api.github.com/repos/pnpm/pnpm/releases/assets/608496442"
provenance = "github-attestations"

[tools.pnpm."platforms.linux-arm64-musl"]
checksum = "sha256:11de22634b9eb543d2f6ae9ccbc728274fb9a7ee81ee1bc7e5e45bec876ebca8"
url = "https://github.com/pnpm/pnpm/releases/download/v12.9.1/pnpm-linux-arm64-musl.tar.gz"
url_api = "https://api.github.com/repos/pnpm/pnpm/releases/assets/608496446"
provenance = "github-attestations"

[tools.pnpm."platforms.linux-x64"]
checksum = "sha256:b4f58449ac02d9d24023ac89e17e05e8331f8ddc12ca1f489cf231bc2bb2bce1"
url = "https://github.com/pnpm/pnpm/releases/download/v12.9.1/pnpm-linux-x64.tar.gz"
url_api = "https://api.github.com/repos/pnpm/pnpm/releases/assets/608496438"
provenance = "github-attestations"

[tools.pnpm."platforms.linux-x64-musl"]
checksum = "sha256:7c52e6db59c9cd3837ae1ec0b96ab3209d3c42cb0e3a77f5db8cbe86661d85a6"
url = "https://github.com/pnpm/pnpm/releases/download/v12.9.1/pnpm-linux-x64-musl.tar.gz"
url_api = "https://api.github.com/repos/pnpm/pnpm/releases/assets/608496441"
provenance = "github-attestations"

[tools.pnpm."platforms.macos-arm64"]
checksum = "sha256:4dcea94654bc8f2189dfd591aea7af4adddd29243e4bfcc8d4c8b4289e7983ba"
url = "https://github.com/pnpm/pnpm/releases/download/v12.9.1/pnpm-darwin-arm64.tar.gz"
url_api = "https://api.github.com/repos/pnpm/pnpm/releases/assets/608496449"
provenance = "github-attestations"

[tools.pnpm."platforms.macos-x64"]
checksum = "sha256:e8b47f538f95167c57fdeacffc9cb3af82261217f31eb764151aaf500b76f1b3"
url = "https://github.com/pnpm/pnpm/releases/download/v12.9.1/pnpm-darwin-x64.tar.gz"
url_api = "https://api.github.com/repos/pnpm/pnpm/releases/assets/608496437"
provenance = "github-attestations"

[tools.pnpm."platforms.windows-x64"]
checksum = "sha256:2b30f6bc53228187881aeae604cc6cedf092641df30d3be1cf4cd3d17bf630f5"
url = "https://github.com/pnpm/pnpm/releases/download/v12.9.1/pnpm-win32-x64.zip"
url_api = "https://api.github.com/repos/pnpm/pnpm/releases/assets/608496448"
provenance = "github-attestations"
