# @generated - this file is auto-generated by `mise lock` https://mise.jdx.dev/dev-tools/mise-lock.html

[[tools.node]]
version = "25.9.0"
backend = "core:node"

[tools.node."platforms.linux-arm64"]
checksum = "sha256:8fb4283301b8c720fc9f18bffff0f659e72cc14d0cf207a3bb411808aaa73a57"
url = "https://nodejs.org/dist/v25.9.0/node-v25.9.0-linux-arm64.tar.gz"

[tools.node."platforms.linux-arm64-musl"]
checksum = "sha256:97f6fe125faa51f84a7bb600d0cd7aefcfaaa0e75a5f49a7c61c3df91d12d535"
url = "https://unofficial-builds.nodejs.org/download/release/v25.9.0/node-v25.9.0-linux-arm64-musl.tar.gz"

[tools.node."platforms.linux-x64"]
checksum = "sha256:134e55b2408448a219760fe04dc44d6851f9de8a79549021ffd870e9082d9e7b"
url = "https://nodejs.org/dist/v25.9.0/node-v25.9.0-linux-x64.tar.gz"

[tools.node."platforms.linux-x64-musl"]
checksum = "sha256:1ac44af012be6bc17f1e3723edbf12897c0baeae5d1dc75b9f97d71413e4c8f5"
url = "https://unofficial-builds.nodejs.org/download/release/v25.9.0/node-v25.9.0-linux-x64-musl.tar.gz"

[tools.node."platforms.macos-arm64"]
checksum = "sha256:e479f3c469d3d9303a44f00a8ea37a3788395d171bb8059c48a4bbbd2e371b59"
url = "https://nodejs.org/dist/v25.9.0/node-v25.9.0-darwin-arm64.tar.gz"

[tools.node."platforms.macos-x64"]
checksum = "sha256:7d737b53ce191142bfa1c17cfa5b070d96e84eebf76b8dd06d84981cbdc3f7e3"
url = "https://nodejs.org/dist/v25.9.0/node-v25.9.0-darwin-x64.tar.gz"

[tools.node."platforms.windows-x64"]
checksum = "sha256:929552b8305effac843ba7b4270c437aefb702fc3fbd73fcd1bffd35d4ac284e"
url = "https://nodejs.org/dist/v25.9.0/node-v25.9.0-win-x64.zip"

[[tools.nono]]
version = "0.74.0"
backend = "github:nolabs-ai/nono"

[tools.nono."platforms.linux-arm64"]
checksum = "sha256:c83191e303b6ba8c804d3e8649174558584f358d02601d046c14e476eb08119c"
url = "https://github.com/nolabs-ai/nono/releases/download/v0.74.0/nono-v0.74.0-aarch64-unknown-linux-gnu.tar.gz"
url_api = "https://api.github.com/repos/nolabs-ai/nono/releases/assets/520878367"
provenance = "github-attestations"

[tools.nono."platforms.linux-arm64-musl"]
checksum = "sha256:c83191e303b6ba8c804d3e8649174558584f358d02601d046c14e476eb08119c"
url = "https://github.com/nolabs-ai/nono/releases/download/v0.74.0/nono-v0.74.0-aarch64-unknown-linux-gnu.tar.gz"
url_api = "https://api.github.com/repos/nolabs-ai/nono/releases/assets/520878367"
provenance = "github-attestations"

[tools.nono."platforms.linux-x64"]
checksum = "sha256:b625399efd48490d6367a6159e5241263aa7ac2e464d21a6ec29d9ebfbfdd4b3"
url = "https://github.com/nolabs-ai/nono/releases/download/v0.74.0/nono-v0.74.0-x86_64-unknown-linux-gnu.tar.gz"
url_api = "https://api.github.com/repos/nolabs-ai/nono/releases/assets/520878363"
provenance = "github-attestations"
provenance_verified = true

[tools.nono."platforms.linux-x64-musl"]
checksum = "sha256:c2c2e32366511dafba27bfc675a6d2c50240c8474a4b69e20237156d28f4ec5a"
url = "https://github.com/nolabs-ai/nono/releases/download/v0.74.0/nono-v0.74.0-x86_64-unknown-linux-musl.tar.gz"
url_api = "https://api.github.com/repos/nolabs-ai/nono/releases/assets/520878362"
provenance = "github-attestations"

[tools.nono."platforms.macos-arm64"]
checksum = "sha256:88e6f716f2bb334973105799b774e0fce6d6d69e005e1a58f12753c42acf0b9f"
url = "https://github.com/nolabs-ai/nono/releases/download/v0.74.0/nono-v0.74.0-aarch64-apple-darwin.tar.gz"
url_api = "https://api.github.com/repos/nolabs-ai/nono/releases/assets/520878365"
provenance = "github-attestations"
provenance_verified = true

[tools.nono."platforms.macos-x64"]
checksum = "sha256:f1f9ae8615f0a60cdb2568429453d3d73207e70a12aed061bd8eae4ce9264e2e"
url = "https://github.com/nolabs-ai/nono/releases/download/v0.74.0/nono-v0.74.0-x86_64-apple-darwin.tar.gz"
url_api = "https://api.github.com/repos/nolabs-ai/nono/releases/assets/520878369"
provenance = "github-attestations"

[[tools.pnpm]]
version = "12.1.0"
backend = "aqua:pnpm/pnpm"

[tools.pnpm."platforms.linux-arm64"]
checksum = "sha256:24b202af01579ae885c8b3dc39a29c03d418a0c85eea274a969b216612abcd07"
url = "https://github.com/pnpm/pnpm/releases/download/v12.1.0/pnpm-linux-arm64.tar.gz"
url_api = "https://api.github.com/repos/pnpm/pnpm/releases/assets/535294455"
provenance = "github-attestations"

[tools.pnpm."platforms.linux-arm64-musl"]
checksum = "sha256:3915f1d07d0fa4331b2d16582610027ff313c5c4c71e4ce3c50551abb96228b4"
url = "https://github.com/pnpm/pnpm/releases/download/v12.1.0/pnpm-linux-arm64-musl.tar.gz"
url_api = "https://api.github.com/repos/pnpm/pnpm/releases/assets/535294453"
provenance = "github-attestations"

[tools.pnpm."platforms.linux-x64"]
checksum = "sha256:ef4c3e31c8f6e587c9f04ca4b42b63d47f331247930617304ffa63354c11db79"
url = "https://github.com/pnpm/pnpm/releases/download/v12.1.0/pnpm-linux-x64.tar.gz"
url_api = "https://api.github.com/repos/pnpm/pnpm/releases/assets/535294449"
provenance = "github-attestations"

[tools.pnpm."platforms.linux-x64-musl"]
checksum = "sha256:177e01657b485c5af47d50469efb2fae7ad43461f6157755d3dbef9aa44ebf3d"
url = "https://github.com/pnpm/pnpm/releases/download/v12.1.0/pnpm-linux-x64-musl.tar.gz"
url_api = "https://api.github.com/repos/pnpm/pnpm/releases/assets/535294454"
provenance = "github-attestations"

[tools.pnpm."platforms.macos-arm64"]
checksum = "sha256:927542783706b6966b6792f263b9b958dcd9909c5174965cd1aae0f4ab7f613c"
url = "https://github.com/pnpm/pnpm/releases/download/v12.1.0/pnpm-darwin-arm64.tar.gz"
url_api = "https://api.github.com/repos/pnpm/pnpm/releases/assets/535294450"
provenance = "github-attestations"

[tools.pnpm."platforms.windows-x64"]
checksum = "sha256:69c0d1d46cdc12bbefad653e859636179927aed292f9af286460a0d38d1d99d2"
url = "https://github.com/pnpm/pnpm/releases/download/v12.1.0/pnpm-win32-x64.zip"
url_api = "https://api.github.com/repos/pnpm/pnpm/releases/assets/535294452"
provenance = "github-attestations"
