# @generated - this file is auto-generated by `mise lock` https://mise.jdx.dev/dev-tools/mise-lock.html

[[tools.node]]
version = "25.9.0"
backend = "core:node"

[tools.node."platforms.linux-arm64"]
checksum = "sha256:8fb4283301b8c720fc9f18bffff0f659e72cc14d0cf207a3bb411808aaa73a57"
url = "https://nodejs.org/dist/v25.9.0/node-v25.9.0-linux-arm64.tar.gz"

[tools.node."platforms.linux-arm64-musl"]
checksum = "sha256:97f6fe125faa51f84a7bb600d0cd7aefcfaaa0e75a5f49a7c61c3df91d12d535"
url = "https://unofficial-builds.nodejs.org/download/release/v25.9.0/node-v25.9.0-linux-arm64-musl.tar.gz"

[tools.node."platforms.linux-x64"]
checksum = "sha256:134e55b2408448a219760fe04dc44d6851f9de8a79549021ffd870e9082d9e7b"
url = "https://nodejs.org/dist/v25.9.0/node-v25.9.0-linux-x64.tar.gz"

[tools.node."platforms.linux-x64-musl"]
checksum = "sha256:1ac44af012be6bc17f1e3723edbf12897c0baeae5d1dc75b9f97d71413e4c8f5"
url = "https://unofficial-builds.nodejs.org/download/release/v25.9.0/node-v25.9.0-linux-x64-musl.tar.gz"

[tools.node."platforms.macos-arm64"]
checksum = "sha256:e479f3c469d3d9303a44f00a8ea37a3788395d171bb8059c48a4bbbd2e371b59"
url = "https://nodejs.org/dist/v25.9.0/node-v25.9.0-darwin-arm64.tar.gz"

[tools.node."platforms.macos-x64"]
checksum = "sha256:7d737b53ce191142bfa1c17cfa5b070d96e84eebf76b8dd06d84981cbdc3f7e3"
url = "https://nodejs.org/dist/v25.9.0/node-v25.9.0-darwin-x64.tar.gz"

[tools.node."platforms.windows-x64"]
checksum = "sha256:929552b8305effac843ba7b4270c437aefb702fc3fbd73fcd1bffd35d4ac284e"
url = "https://nodejs.org/dist/v25.9.0/node-v25.9.0-win-x64.zip"

[[tools.nono]]
version = "0.78.0"
backend = "github:nolabs-ai/nono"

[tools.nono."platforms.linux-arm64"]
checksum = "sha256:7308b4109940f16ec0d024eb4bbcface1cfe2ea1e8333dd147ab4f0be7706071"
url = "https://github.com/nolabs-ai/nono/releases/download/v0.78.0/nono-v0.78.0-aarch64-unknown-linux-gnu.tar.gz"
url_api = "https://api.github.com/repos/nolabs-ai/nono/releases/assets/568264594"
provenance = "github-attestations"

[tools.nono."platforms.linux-arm64-musl"]
checksum = "sha256:7308b4109940f16ec0d024eb4bbcface1cfe2ea1e8333dd147ab4f0be7706071"
url = "https://github.com/nolabs-ai/nono/releases/download/v0.78.0/nono-v0.78.0-aarch64-unknown-linux-gnu.tar.gz"
url_api = "https://api.github.com/repos/nolabs-ai/nono/releases/assets/568264594"
provenance = "github-attestations"

[tools.nono."platforms.linux-x64"]
checksum = "sha256:af5e837973d547aaf6d3cdfbd12e3952224d1bb77b7292962ea19180399c38db"
url = "https://github.com/nolabs-ai/nono/releases/download/v0.78.0/nono-v0.78.0-x86_64-unknown-linux-gnu.tar.gz"
url_api = "https://api.github.com/repos/nolabs-ai/nono/releases/assets/568264582"
provenance = "github-attestations"

[tools.nono."platforms.linux-x64-musl"]
checksum = "sha256:4321638e842f803d5cc5000c6e3b1a77ce40fe4f3646a54cc83b286b9d1d0d51"
url = "https://github.com/nolabs-ai/nono/releases/download/v0.78.0/nono-v0.78.0-x86_64-unknown-linux-musl.tar.gz"
url_api = "https://api.github.com/repos/nolabs-ai/nono/releases/assets/568264579"
provenance = "github-attestations"

[tools.nono."platforms.macos-arm64"]
checksum = "sha256:ac161b551e14ee6f5dfb4e95593964e9af45db9c9d01074cbe7d6bf4110680b4"
url = "https://github.com/nolabs-ai/nono/releases/download/v0.78.0/nono-v0.78.0-aarch64-apple-darwin.tar.gz"
url_api = "https://api.github.com/repos/nolabs-ai/nono/releases/assets/568264585"
provenance = "github-attestations"

[tools.nono."platforms.macos-x64"]
checksum = "sha256:bae402c90e9d8f25e94e6c21b56e54a674ebfff3fa1bdc3c298e1bfc2f7e82dc"
url = "https://github.com/nolabs-ai/nono/releases/download/v0.78.0/nono-v0.78.0-x86_64-apple-darwin.tar.gz"
url_api = "https://api.github.com/repos/nolabs-ai/nono/releases/assets/568264583"
provenance = "github-attestations"

[[tools.pnpm]]
version = "12.7.0"
backend = "aqua:pnpm/pnpm"

[tools.pnpm."platforms.linux-arm64"]
checksum = "sha256:db39a3fc7969dcf3398ebf2f2090c62ba732e5a9887b96147a97134a1a779088"
url = "https://github.com/pnpm/pnpm/releases/download/v12.7.0/pnpm-linux-arm64.tar.gz"
url_api = "https://api.github.com/repos/pnpm/pnpm/releases/assets/588119310"
provenance = "github-attestations"

[tools.pnpm."platforms.linux-arm64-musl"]
checksum = "sha256:49b8d22e14120e716f735b7db9a03270ff8cc284f8d249e5f5bc34e26361b9ca"
url = "https://github.com/pnpm/pnpm/releases/download/v12.7.0/pnpm-linux-arm64-musl.tar.gz"
url_api = "https://api.github.com/repos/pnpm/pnpm/releases/assets/588119304"
provenance = "github-attestations"

[tools.pnpm."platforms.linux-x64"]
checksum = "sha256:68190c7d289efecd66ff088c93b9c5ec361989e8194239e004bd905403d3d3e5"
url = "https://github.com/pnpm/pnpm/releases/download/v12.7.0/pnpm-linux-x64.tar.gz"
url_api = "https://api.github.com/repos/pnpm/pnpm/releases/assets/588119302"
provenance = "github-attestations"

[tools.pnpm."platforms.linux-x64-musl"]
checksum = "sha256:182029e912c5994fed1eaa715a38eb3c6ea4b42bcae770c52852a54862a13c1d"
url = "https://github.com/pnpm/pnpm/releases/download/v12.7.0/pnpm-linux-x64-musl.tar.gz"
url_api = "https://api.github.com/repos/pnpm/pnpm/releases/assets/588119308"
provenance = "github-attestations"

[tools.pnpm."platforms.macos-arm64"]
checksum = "sha256:82de6e7037fcfaab6a1ee9b6360e887723ad68389780810fa3e3a3540d6088ab"
url = "https://github.com/pnpm/pnpm/releases/download/v12.7.0/pnpm-darwin-arm64.tar.gz"
url_api = "https://api.github.com/repos/pnpm/pnpm/releases/assets/588119307"
provenance = "github-attestations"

[tools.pnpm."platforms.macos-x64"]
checksum = "sha256:1b00a322af6da3f8820b8a6076bdf8fdfa7068e0d491d6c7425a16553396c432"
url = "https://github.com/pnpm/pnpm/releases/download/v12.7.0/pnpm-darwin-x64.tar.gz"
url_api = "https://api.github.com/repos/pnpm/pnpm/releases/assets/588119309"
provenance = "github-attestations"

[tools.pnpm."platforms.windows-x64"]
checksum = "sha256:40b9a24d55c7e839aa5fc8e814e995a1eb1778fc65f2f19cfa1c6f573a926944"
url = "https://github.com/pnpm/pnpm/releases/download/v12.7.0/pnpm-win32-x64.zip"
url_api = "https://api.github.com/repos/pnpm/pnpm/releases/assets/588119297"
provenance = "github-attestations"
